
Microsoft Visual Studio Solution File, Format Version 12.00
# Visual Studio Version 17
VisualStudioVersion = 17.1.32421.90
MinimumVisualStudioVersion = 10.0.40219.1
Project("{FAE04EC0-301F-11D3-BF4B-00C04F79EFBC}") = "CompareReferences", "CompareReferences.csproj", "{0160372D-64A5-4EA5-B2F8-E39CD36850F8}"
EndProject
Global
	GlobalSection(SolutionConfigurationPlatforms) = preSolution
		Debug|Any CPU = Debug|Any CPU
		Release|Any CPU = Release|Any CPU
	EndGlobalSection
	GlobalSection(ProjectConfigurationPlatforms) = postSolution
		{0160372D-64A5-4EA5-B2F8-E39CD36850F8}.Debug|Any CPU.ActiveCfg = Debug|Any CPU
		{0160372D-64A5-4EA5-B2F8-E39CD36850F8}.Debug|Any CPU.Build.0 = Debug|Any CPU
		{0160372D-64A5-4EA5-B2F8-E39CD36850F8}.Release|Any CPU.ActiveCfg = Release|Any CPU
		{0160372D-64A5-4EA5-B2F8-E39CD36850F8}.Release|Any CPU.Build.0 = Release|Any CPU
	EndGlobalSection
	GlobalSection(SolutionProperties) = preSolution
		HideSolutionNode = FALSE
	EndGlobalSection
	GlobalSection(ExtensibilityGlobals) = postSolution
		SolutionGuid = {56F393C8-A6E8-4848-A2BA-1B6898C9FE16}
	EndGlobalSection
EndGlobal
