
Microsoft Visual Studio Solution File, Format Version 12.00
# Visual Studio Version 17
VisualStudioVersion = 17.2.32519.379
MinimumVisualStudioVersion = 10.0.40219.1
Project("{FAE04EC0-301F-11D3-BF4B-00C04F79EFBC}") = "DataConnecting", "DataConnecting.csproj", "{5B62F1B2-B6D3-4FC3-A290-537BB9C17DE2}"
EndProject
Global
	GlobalSection(SolutionConfigurationPlatforms) = preSolution
		Debug|Any CPU = Debug|Any CPU
		Release|Any CPU = Release|Any CPU
	EndGlobalSection
	GlobalSection(ProjectConfigurationPlatforms) = postSolution
		{5B62F1B2-B6D3-4FC3-A290-537BB9C17DE2}.Debug|Any CPU.ActiveCfg = Debug|Any CPU
		{5B62F1B2-B6D3-4FC3-A290-537BB9C17DE2}.Debug|Any CPU.Build.0 = Debug|Any CPU
		{5B62F1B2-B6D3-4FC3-A290-537BB9C17DE2}.Release|Any CPU.ActiveCfg = Release|Any CPU
		{5B62F1B2-B6D3-4FC3-A290-537BB9C17DE2}.Release|Any CPU.Build.0 = Release|Any CPU
	EndGlobalSection
	GlobalSection(SolutionProperties) = preSolution
		HideSolutionNode = FALSE
	EndGlobalSection
	GlobalSection(ExtensibilityGlobals) = postSolution
		SolutionGuid = {2D584A89-4EA6-450B-88EB-47E1B90B6997}
	EndGlobalSection
EndGlobal
