
Microsoft Visual Studio Solution File, Format Version 12.00
# Visual Studio Version 17
VisualStudioVersion = 17.1.32421.90
MinimumVisualStudioVersion = 10.0.40219.1
Project("{FAE04EC0-301F-11D3-BF4B-00C04F79EFBC}") = "JSONSerialization", "JSONSerialization.csproj", "{5EA32913-ED48-48AA-A33A-1DEBEFE59B6B}"
EndProject
Global
	GlobalSection(SolutionConfigurationPlatforms) = preSolution
		Debug|Any CPU = Debug|Any CPU
		Release|Any CPU = Release|Any CPU
	EndGlobalSection
	GlobalSection(ProjectConfigurationPlatforms) = postSolution
		{5EA32913-ED48-48AA-A33A-1DEBEFE59B6B}.Debug|Any CPU.ActiveCfg = Debug|Any CPU
		{5EA32913-ED48-48AA-A33A-1DEBEFE59B6B}.Debug|Any CPU.Build.0 = Debug|Any CPU
		{5EA32913-ED48-48AA-A33A-1DEBEFE59B6B}.Release|Any CPU.ActiveCfg = Release|Any CPU
		{5EA32913-ED48-48AA-A33A-1DEBEFE59B6B}.Release|Any CPU.Build.0 = Release|Any CPU
	EndGlobalSection
	GlobalSection(SolutionProperties) = preSolution
		HideSolutionNode = FALSE
	EndGlobalSection
	GlobalSection(ExtensibilityGlobals) = postSolution
		SolutionGuid = {4F73E552-398E-4FC8-98C1-097D951BAB39}
	EndGlobalSection
EndGlobal
