
Microsoft Visual Studio Solution File, Format Version 12.00
# Visual Studio Version 17
VisualStudioVersion = 17.1.32421.90
MinimumVisualStudioVersion = 10.0.40219.1
Project("{FAE04EC0-301F-11D3-BF4B-00C04F79EFBC}") = "ClassPart2", "ClassPart2.csproj", "{D38E960F-B63C-4237-9ACC-27C544A3D792}"
EndProject
Global
	GlobalSection(SolutionConfigurationPlatforms) = preSolution
		Debug|Any CPU = Debug|Any CPU
		Release|Any CPU = Release|Any CPU
	EndGlobalSection
	GlobalSection(ProjectConfigurationPlatforms) = postSolution
		{D38E960F-B63C-4237-9ACC-27C544A3D792}.Debug|Any CPU.ActiveCfg = Debug|Any CPU
		{D38E960F-B63C-4237-9ACC-27C544A3D792}.Debug|Any CPU.Build.0 = Debug|Any CPU
		{D38E960F-B63C-4237-9ACC-27C544A3D792}.Release|Any CPU.ActiveCfg = Release|Any CPU
		{D38E960F-B63C-4237-9ACC-27C544A3D792}.Release|Any CPU.Build.0 = Release|Any CPU
	EndGlobalSection
	GlobalSection(SolutionProperties) = preSolution
		HideSolutionNode = FALSE
	EndGlobalSection
	GlobalSection(ExtensibilityGlobals) = postSolution
		SolutionGuid = {A8BAA97E-387F-4217-AE75-685ED4149518}
	EndGlobalSection
EndGlobal
