
Microsoft Visual Studio Solution File, Format Version 12.00
# Visual Studio Version 17
VisualStudioVersion = 17.1.32421.90
MinimumVisualStudioVersion = 10.0.40219.1
Project("{FAE04EC0-301F-11D3-BF4B-00C04F79EFBC}") = "Task2 DataParsing", "Task2 DataParsing.csproj", "{1FB98DA8-BD35-4853-B3ED-6F7C42695883}"
EndProject
Global
	GlobalSection(SolutionConfigurationPlatforms) = preSolution
		Debug|Any CPU = Debug|Any CPU
		Release|Any CPU = Release|Any CPU
	EndGlobalSection
	GlobalSection(ProjectConfigurationPlatforms) = postSolution
		{1FB98DA8-BD35-4853-B3ED-6F7C42695883}.Debug|Any CPU.ActiveCfg = Debug|Any CPU
		{1FB98DA8-BD35-4853-B3ED-6F7C42695883}.Debug|Any CPU.Build.0 = Debug|Any CPU
		{1FB98DA8-BD35-4853-B3ED-6F7C42695883}.Release|Any CPU.ActiveCfg = Release|Any CPU
		{1FB98DA8-BD35-4853-B3ED-6F7C42695883}.Release|Any CPU.Build.0 = Release|Any CPU
	EndGlobalSection
	GlobalSection(SolutionProperties) = preSolution
		HideSolutionNode = FALSE
	EndGlobalSection
	GlobalSection(ExtensibilityGlobals) = postSolution
		SolutionGuid = {E691AF0A-4D6C-46D4-92BD-930D4B40425A}
	EndGlobalSection
EndGlobal
