
Microsoft Visual Studio Solution File, Format Version 12.00
# Visual Studio Version 17
VisualStudioVersion = 17.1.32421.90
MinimumVisualStudioVersion = 10.0.40219.1
Project("{9A19103F-16F7-4668-BE54-9A1E7A4F7556}") = "NewProject", "NewProject.csproj", "{171B4DB0-C87E-4CC5-81F0-4E979EF15223}"
EndProject
Global
	GlobalSection(SolutionConfigurationPlatforms) = preSolution
		Debug|Any CPU = Debug|Any CPU
		Release|Any CPU = Release|Any CPU
	EndGlobalSection
	GlobalSection(ProjectConfigurationPlatforms) = postSolution
		{171B4DB0-C87E-4CC5-81F0-4E979EF15223}.Debug|Any CPU.ActiveCfg = Debug|Any CPU
		{171B4DB0-C87E-4CC5-81F0-4E979EF15223}.Debug|Any CPU.Build.0 = Debug|Any CPU
		{171B4DB0-C87E-4CC5-81F0-4E979EF15223}.Release|Any CPU.ActiveCfg = Release|Any CPU
		{171B4DB0-C87E-4CC5-81F0-4E979EF15223}.Release|Any CPU.Build.0 = Release|Any CPU
	EndGlobalSection
	GlobalSection(SolutionProperties) = preSolution
		HideSolutionNode = FALSE
	EndGlobalSection
	GlobalSection(ExtensibilityGlobals) = postSolution
		SolutionGuid = {64B323AD-BCA1-4535-8464-4B902D933DCE}
	EndGlobalSection
EndGlobal
